
Microsoft Visual Studio Solution File, Format Version 12.00
# Visual Studio Version 16
VisualStudioVersion = 16.0.29920.165
MinimumVisualStudioVersion = 10.0.40219.1
Project("{FAE04EC0-301F-11D3-BF4B-00C04F79EFBC}") = "RebelRentals", "RebelRentals\RebelRentals.csproj", "{3E05FB6A-AE45-4C51-A3C1-84C9BEA01083}"
EndProject
Global
	GlobalSection(SolutionConfigurationPlatforms) = preSolution
		Debug|Any CPU = Debug|Any CPU
		Release|Any CPU = Release|Any CPU
	EndGlobalSection
	GlobalSection(ProjectConfigurationPlatforms) = postSolution
		{3E05FB6A-AE45-4C51-A3C1-84C9BEA01083}.Debug|Any CPU.ActiveCfg = Debug|Any CPU
		{3E05FB6A-AE45-4C51-A3C1-84C9BEA01083}.Debug|Any CPU.Build.0 = Debug|Any CPU
		{3E05FB6A-AE45-4C51-A3C1-84C9BEA01083}.Release|Any CPU.ActiveCfg = Release|Any CPU
		{3E05FB6A-AE45-4C51-A3C1-84C9BEA01083}.Release|Any CPU.Build.0 = Release|Any CPU
	EndGlobalSection
	GlobalSection(SolutionProperties) = preSolution
		HideSolutionNode = FALSE
	EndGlobalSection
	GlobalSection(ExtensibilityGlobals) = postSolution
		SolutionGuid = {2A3C4A34-5A95-4E97-B1AF-D5502DEF2C6A}
	EndGlobalSection
EndGlobal
